// !$*UTF8*$!
{
	archiveVersion = 1;
	classes = {
	};
	objectVersion = 46;
	objects = {

/* Begin PBXBuildFile section */
		C743A49D1CC6365000D4EB7C /* main.cpp in Sources */ = {isa = PBXBuildFile; fileRef = C743A49C1CC6365000D4EB7C /* main.cpp */; };
		C7CD2FD11CC6A54E0073AE96 /* Serialize.cpp in Sources */ = {isa = PBXBuildFile; fileRef = C7CD2FD01CC6A54E0073AE96 /* Serialize.cpp */; };
/* End PBXBuildFile section */

/* Begin PBXCopyFilesBuildPhase section */
		C743A4971CC6365000D4EB7C /* CopyFiles */ = {
			isa = PBXCopyFilesBuildPhase;
			buildActionMask = 2147483647;
			dstPath = /usr/share/man/man1/;
			dstSubfolderSpec = 0;
			files = (
			);
			runOnlyForDeploymentPostprocessing = 1;
		};
/* End PBXCopyFilesBuildPhase section */

/* Begin PBXFileReference section */
		C743A4991CC6365000D4EB7C /* SDN */ = {isa = PBXFileReference; explicitFileType = "compiled.mach-o.executable"; includeInIndex = 0; path = SDN; sourceTree = BUILT_PRODUCTS_DIR; };
		C743A49C1CC6365000D4EB7C /* main.cpp */ = {isa = PBXFileReference; lastKnownFileType = sourcecode.cpp.cpp; path = main.cpp; sourceTree = "<group>"; };
		C7CD2FD01CC6A54E0073AE96 /* Serialize.cpp */ = {isa = PBXFileReference; fileEncoding = 4; lastKnownFileType = sourcecode.cpp.cpp; path = Serialize.cpp; sourceTree = "<group>"; };
		C7CD2FD21CC6A55D0073AE96 /* Serialize.h */ = {isa = PBXFileReference; lastKnownFileType = sourcecode.c.h; path = Serialize.h; sourceTree = "<group>"; };
/* End PBXFileReference section */

/* Begin PBXFrameworksBuildPhase section */
		C743A4961CC6365000D4EB7C /* Frameworks */ = {
			isa = PBXFrameworksBuildPhase;
			buildActionMask = 2147483647;
			files = (
			);
			runOnlyForDeploymentPostprocessing = 0;
		};
/* End PBXFrameworksBuildPhase section */

/* Begin PBXGroup section */
		C743A4901CC6365000D4EB7C = {
			isa = PBXGroup;
			children = (
				C743A49B1CC6365000D4EB7C /* SDN */,
				C743A49A1CC6365000D4EB7C /* Products */,
			);
			sourceTree = "<group>";
		};
		C743A49A1CC6365000D4EB7C /* Products */ = {
			isa = PBXGroup;
			children = (
				C743A4991CC6365000D4EB7C /* SDN */,
			);
			name = Products;
			sourceTree = "<group>";
		};
		C743A49B1CC6365000D4EB7C /* SDN */ = {
			isa = PBXGroup;
			children = (
				C743A49C1CC6365000D4EB7C /* main.cpp */,
				C7CD2FD01CC6A54E0073AE96 /* Serialize.cpp */,
				C7CD2FD21CC6A55D0073AE96 /* Serialize.h */,
			);
			path = SDN;
			sourceTree = "<group>";
		};
/* End PBXGroup section */

/* Begin PBXNativeTarget section */
		C743A4981CC6365000D4EB7C /* SDN */ = {
			isa = PBXNativeTarget;
			buildConfigurationList = C743A4A01CC6365000D4EB7C /* Build configuration list for PBXNativeTarget "SDN" */;
			buildPhases = (
				C743A4951CC6365000D4EB7C /* Sources */,
				C743A4961CC6365000D4EB7C /* Frameworks */,
				C743A4971CC6365000D4EB7C /* CopyFiles */,
			);
			buildRules = (
			);
			dependencies = (
			);
			name = SDN;
			productName = SDN;
			productReference = C743A4991CC6365000D4EB7C /* SDN */;
			productType = "com.apple.product-type.tool";
		};
/* End PBXNativeTarget section */

/* Begin PBXProject section */
		C743A4911CC6365000D4EB7C /* Project object */ = {
			isa = PBXProject;
			attributes = {
				LastUpgradeCheck = 0730;
				ORGANIZATIONNAME = Gautam;
				TargetAttributes = {
					C743A4981CC6365000D4EB7C = {
						CreatedOnToolsVersion = 7.3;
					};
				};
			};
			buildConfigurationList = C743A4941CC6365000D4EB7C /* Build configuration list for PBXProject "SDN" */;
			compatibilityVersion = "Xcode 3.2";
			developmentRegion = English;
			hasScannedForEncodings = 0;
			knownRegions = (
				en,
			);
			mainGroup = C743A4901CC6365000D4EB7C;
			productRefGroup = C743A49A1CC6365000D4EB7C /* Products */;
			projectDirPath = "";
			projectRoot = "";
			targets = (
				C743A4981CC6365000D4EB7C /* SDN */,
			);
		};
/* End PBXProject section */

/* Begin PBXSourcesBuildPhase section */
		C743A4951CC6365000D4EB7C /* Sources */ = {
			isa = PBXSourcesBuildPhase;
			buildActionMask = 2147483647;
			files = (
				C7CD2FD11CC6A54E0073AE96 /* Serialize.cpp in Sources */,
				C743A49D1CC6365000D4EB7C /* main.cpp in Sources */,
			);
			runOnlyForDeploymentPostprocessing = 0;
		};
/* End PBXSourcesBuildPhase section */

/* Begin XCBuildConfiguration section */
		C743A49E1CC6365000D4EB7C /* Debug */ = {
			isa = XCBuildConfiguration;
			buildSettings = {
				ALWAYS_SEARCH_USER_PATHS = NO;
				CLANG_ANALYZER_NONNULL = YES;
				CLANG_CXX_LANGUAGE_STANDARD = "gnu++0x";
				CLANG_CXX_LIBRARY = "libc++";
				CLANG_ENABLE_MODULES = YES;
				CLANG_ENABLE_OBJC_ARC = YES;
				CLANG_WARN_BOOL_CONVERSION = YES;
				CLANG_WARN_CONSTANT_CONVERSION = YES;
				CLANG_WARN_DIRECT_OBJC_ISA_USAGE = YES_ERROR;
				CLANG_WARN_EMPTY_BODY = YES;
				CLANG_WARN_ENUM_CONVERSION = YES;
				CLANG_WARN_INT_CONVERSION = YES;
				CLANG_WARN_OBJC_ROOT_CLASS = YES_ERROR;
				CLANG_WARN_UNREACHABLE_CODE = YES;
				CLANG_WARN__DUPLICATE_METHOD_MATCH = YES;
				CODE_SIGN_IDENTITY = "-";
				COPY_PHASE_STRIP = NO;
				DEBUG_INFORMATION_FORMAT = dwarf;
				ENABLE_STRICT_OBJC_MSGSEND = YES;
				ENABLE_TESTABILITY = YES;
				GCC_C_LANGUAGE_STANDARD = gnu99;
				GCC_DYNAMIC_NO_PIC = NO;
				GCC_NO_COMMON_BLOCKS = YES;
				GCC_OPTIMIZATION_LEVEL = 0;
				GCC_PREPROCESSOR_DEFINITIONS = (
					"DEBUG=1",
					"$(inherited)",
				);
				GCC_WARN_64_TO_32_BIT_CONVERSION = YES;
				GCC_WARN_ABOUT_RETURN_TYPE = YES_ERROR;
				GCC_WARN_UNDECLARED_SELECTOR = YES;
				GCC_WARN_UNINITIALIZED_AUTOS = YES_AGGRESSIVE;
				GCC_WARN_UNUSED_FUNCTION = YES;
				GCC_WARN_UNUSED_VARIABLE = YES;
				MACOSX_DEPLOYMENT_TARGET = 10.11;
				MTL_ENABLE_DEBUG_INFO = YES;
				ONLY_ACTIVE_ARCH = YES;
				SDKROOT = macosx;
			};
			name = Debug;
		};
		C743A49F1CC6365000D4EB7C /* Release */ = {
			isa = XCBuildConfiguration;
			buildSettings = {
				ALWAYS_SEARCH_USER_PATHS = NO;
				CLANG_ANALYZER_NONNULL = YES;
				CLANG_CXX_LANGUAGE_STANDARD = "gnu++0x";
				CLANG_CXX_LIBRARY = "libc++";
				CLANG_ENABLE_MODULES = YES;
				CLANG_ENABLE_OBJC_ARC = YES;
				CLANG_WARN_BOOL_CONVERSION = YES;
				CLANG_WARN_CONSTANT_CONVERSION = YES;
				CLANG_WARN_DIRECT_OBJC_ISA_USAGE = YES_ERROR;
				CLANG_WARN_EMPTY_BODY = YES;
				CLANG_WARN_ENUM_CONVERSION = YES;
				CLANG_WARN_INT_CONVERSION = YES;
				CLANG_WARN_OBJC_ROOT_CLASS = YES_ERROR;
				CLANG_WARN_UNREACHABLE_CODE = YES;
				CLANG_WARN__DUPLICATE_METHOD_MATCH = YES;
				CODE_SIGN_IDENTITY = "-";
				COPY_PHASE_STRIP = NO;
				DEBUG_INFORMATION_FORMAT = "dwarf-with-dsym";
				ENABLE_NS_ASSERTIONS = NO;
				ENABLE_STRICT_OBJC_MSGSEND = YES;
				GCC_C_LANGUAGE_STANDARD = gnu99;
				GCC_NO_COMMON_BLOCKS = YES;
				GCC_WARN_64_TO_32_BIT_CONVERSION = YES;
				GCC_WARN_ABOUT_RETURN_TYPE = YES_ERROR;
				GCC_WARN_UNDECLARED_SELECTOR = YES;
				GCC_WARN_UNINITIALIZED_AUTOS = YES_AGGRESSIVE;
				GCC_WARN_UNUSED_FUNCTION = YES;
				GCC_WARN_UNUSED_VARIABLE = YES;
				MACOSX_DEPLOYMENT_TARGET = 10.11;
				MTL_ENABLE_DEBUG_INFO = NO;
				SDKROOT = macosx;
			};
			name = Release;
		};
		C743A4A11CC6365000D4EB7C /* Debug */ = {
			isa = XCBuildConfiguration;
			buildSettings = {
				PRODUCT_NAME = "$(TARGET_NAME)";
			};
			name = Debug;
		};
		C743A4A21CC6365000D4EB7C /* Release */ = {
			isa = XCBuildConfiguration;
			buildSettings = {
				PRODUCT_NAME = "$(TARGET_NAME)";
			};
			name = Release;
		};
/* End XCBuildConfiguration section */

/* Begin XCConfigurationList section */
		C743A4941CC6365000D4EB7C /* Build configuration list for PBXProject "SDN" */ = {
			isa = XCConfigurationList;
			buildConfigurations = (
				C743A49E1CC6365000D4EB7C /* Debug */,
				C743A49F1CC6365000D4EB7C /* Release */,
			);
			defaultConfigurationIsVisible = 0;
			defaultConfigurationName = Release;
		};
		C743A4A01CC6365000D4EB7C /* Build configuration list for PBXNativeTarget "SDN" */ = {
			isa = XCConfigurationList;
			buildConfigurations = (
				C743A4A11CC6365000D4EB7C /* Debug */,
				C743A4A21CC6365000D4EB7C /* Release */,
			);
			defaultConfigurationIsVisible = 0;
			defaultConfigurationName = Release;
		};
/* End XCConfigurationList section */
	};
	rootObject = C743A4911CC6365000D4EB7C /* Project object */;
}
